
Microsoft Visual Studio Solution File, Format Version 12.00
# Visual Studio Version 17
VisualStudioVersion = 17.13.35605.110 d17.13
MinimumVisualStudioVersion = 10.0.40219.1
Project("{8BC9CEB8-8B4A-11D0-8D11-00A0C91BC942}") = "CreateProcess", "CreateProcess\CreateProcess.vcxproj", "{CCA3B561-1048-43B0-B81B-74BE42AD7F41}"
EndProject
Global
	GlobalSection(SolutionConfigurationPlatforms) = preSolution
		Debug|x64 = Debug|x64
		Debug|x86 = Debug|x86
		Release|x64 = Release|x64
		Release|x86 = Release|x86
	EndGlobalSection
	GlobalSection(ProjectConfigurationPlatforms) = postSolution
		{CCA3B561-1048-43B0-B81B-74BE42AD7F41}.Debug|x64.ActiveCfg = Debug|x64
		{CCA3B561-1048-43B0-B81B-74BE42AD7F41}.Debug|x64.Build.0 = Debug|x64
		{CCA3B561-1048-43B0-B81B-74BE42AD7F41}.Debug|x86.ActiveCfg = Debug|Win32
		{CCA3B561-1048-43B0-B81B-74BE42AD7F41}.Debug|x86.Build.0 = Debug|Win32
		{CCA3B561-1048-43B0-B81B-74BE42AD7F41}.Release|x64.ActiveCfg = Release|x64
		{CCA3B561-1048-43B0-B81B-74BE42AD7F41}.Release|x64.Build.0 = Release|x64
		{CCA3B561-1048-43B0-B81B-74BE42AD7F41}.Release|x86.ActiveCfg = Release|Win32
		{CCA3B561-1048-43B0-B81B-74BE42AD7F41}.Release|x86.Build.0 = Release|Win32
	EndGlobalSection
	GlobalSection(SolutionProperties) = preSolution
		HideSolutionNode = FALSE
	EndGlobalSection
	GlobalSection(ExtensibilityGlobals) = postSolution
		SolutionGuid = {E761671A-9A97-48CA-8F4A-F50034F7E8D9}
	EndGlobalSection
EndGlobal
