
Microsoft Visual Studio Solution File, Format Version 12.00
# Visual Studio Version 17
VisualStudioVersion = 17.11.35118.90
MinimumVisualStudioVersion = 10.0.40219.1
Project("{8BC9CEB8-8B4A-11D0-8D11-00A0C91BC942}") = "RPNCalcSvr", "RPNCalcSvr\RPNCalcSvr.vcxproj", "{439811A5-A5A1-4DCD-BF80-265CFF7AB56E}"
EndProject
Project("{8BC9CEB8-8B4A-11D0-8D11-00A0C91BC942}") = "TestCalc", "TestCalc\TestCalc.vcxproj", "{BB1BCC37-2AE3-444E-8403-0A1797EDE7D3}"
EndProject
Project("{FAE04EC0-301F-11D3-BF4B-00C04F79EFBC}") = "TestManaged", "TestManaged\TestManaged.csproj", "{37BD7AC3-4039-4962-B27D-A4C0165D483B}"
EndProject
Global
	GlobalSection(SolutionConfigurationPlatforms) = preSolution
		Debug|Any CPU = Debug|Any CPU
		Debug|x64 = Debug|x64
		Debug|x86 = Debug|x86
		Release|Any CPU = Release|Any CPU
		Release|x64 = Release|x64
		Release|x86 = Release|x86
	EndGlobalSection
	GlobalSection(ProjectConfigurationPlatforms) = postSolution
		{439811A5-A5A1-4DCD-BF80-265CFF7AB56E}.Debug|Any CPU.ActiveCfg = Debug|x64
		{439811A5-A5A1-4DCD-BF80-265CFF7AB56E}.Debug|Any CPU.Build.0 = Debug|x64
		{439811A5-A5A1-4DCD-BF80-265CFF7AB56E}.Debug|x64.ActiveCfg = Debug|x64
		{439811A5-A5A1-4DCD-BF80-265CFF7AB56E}.Debug|x64.Build.0 = Debug|x64
		{439811A5-A5A1-4DCD-BF80-265CFF7AB56E}.Debug|x86.ActiveCfg = Debug|Win32
		{439811A5-A5A1-4DCD-BF80-265CFF7AB56E}.Debug|x86.Build.0 = Debug|Win32
		{439811A5-A5A1-4DCD-BF80-265CFF7AB56E}.Release|Any CPU.ActiveCfg = Release|x64
		{439811A5-A5A1-4DCD-BF80-265CFF7AB56E}.Release|Any CPU.Build.0 = Release|x64
		{439811A5-A5A1-4DCD-BF80-265CFF7AB56E}.Release|x64.ActiveCfg = Release|x64
		{439811A5-A5A1-4DCD-BF80-265CFF7AB56E}.Release|x64.Build.0 = Release|x64
		{439811A5-A5A1-4DCD-BF80-265CFF7AB56E}.Release|x86.ActiveCfg = Release|Win32
		{439811A5-A5A1-4DCD-BF80-265CFF7AB56E}.Release|x86.Build.0 = Release|Win32
		{BB1BCC37-2AE3-444E-8403-0A1797EDE7D3}.Debug|Any CPU.ActiveCfg = Debug|x64
		{BB1BCC37-2AE3-444E-8403-0A1797EDE7D3}.Debug|Any CPU.Build.0 = Debug|x64
		{BB1BCC37-2AE3-444E-8403-0A1797EDE7D3}.Debug|x64.ActiveCfg = Debug|x64
		{BB1BCC37-2AE3-444E-8403-0A1797EDE7D3}.Debug|x64.Build.0 = Debug|x64
		{BB1BCC37-2AE3-444E-8403-0A1797EDE7D3}.Debug|x86.ActiveCfg = Debug|Win32
		{BB1BCC37-2AE3-444E-8403-0A1797EDE7D3}.Debug|x86.Build.0 = Debug|Win32
		{BB1BCC37-2AE3-444E-8403-0A1797EDE7D3}.Release|Any CPU.ActiveCfg = Release|x64
		{BB1BCC37-2AE3-444E-8403-0A1797EDE7D3}.Release|Any CPU.Build.0 = Release|x64
		{BB1BCC37-2AE3-444E-8403-0A1797EDE7D3}.Release|x64.ActiveCfg = Release|x64
		{BB1BCC37-2AE3-444E-8403-0A1797EDE7D3}.Release|x64.Build.0 = Release|x64
		{BB1BCC37-2AE3-444E-8403-0A1797EDE7D3}.Release|x86.ActiveCfg = Release|Win32
		{BB1BCC37-2AE3-444E-8403-0A1797EDE7D3}.Release|x86.Build.0 = Release|Win32
		{37BD7AC3-4039-4962-B27D-A4C0165D483B}.Debug|Any CPU.ActiveCfg = Debug|Any CPU
		{37BD7AC3-4039-4962-B27D-A4C0165D483B}.Debug|Any CPU.Build.0 = Debug|Any CPU
		{37BD7AC3-4039-4962-B27D-A4C0165D483B}.Debug|x64.ActiveCfg = Debug|Any CPU
		{37BD7AC3-4039-4962-B27D-A4C0165D483B}.Debug|x64.Build.0 = Debug|Any CPU
		{37BD7AC3-4039-4962-B27D-A4C0165D483B}.Debug|x86.ActiveCfg = Debug|Any CPU
		{37BD7AC3-4039-4962-B27D-A4C0165D483B}.Debug|x86.Build.0 = Debug|Any CPU
		{37BD7AC3-4039-4962-B27D-A4C0165D483B}.Release|Any CPU.ActiveCfg = Release|Any CPU
		{37BD7AC3-4039-4962-B27D-A4C0165D483B}.Release|Any CPU.Build.0 = Release|Any CPU
		{37BD7AC3-4039-4962-B27D-A4C0165D483B}.Release|x64.ActiveCfg = Release|Any CPU
		{37BD7AC3-4039-4962-B27D-A4C0165D483B}.Release|x64.Build.0 = Release|Any CPU
		{37BD7AC3-4039-4962-B27D-A4C0165D483B}.Release|x86.ActiveCfg = Release|Any CPU
		{37BD7AC3-4039-4962-B27D-A4C0165D483B}.Release|x86.Build.0 = Release|Any CPU
	EndGlobalSection
	GlobalSection(SolutionProperties) = preSolution
		HideSolutionNode = FALSE
	EndGlobalSection
	GlobalSection(ExtensibilityGlobals) = postSolution
		SolutionGuid = {636C8CA9-E270-4890-AF53-614AA7C4002F}
	EndGlobalSection
EndGlobal
