
Microsoft Visual Studio Solution File, Format Version 12.00
# Visual Studio Version 17
VisualStudioVersion = 17.7.33913.275
MinimumVisualStudioVersion = 10.0.40219.1
Project("{8BC9CEB8-8B4A-11D0-8D11-00A0C91BC942}") = "WinApp", "WinApp\WinApp.vcxproj", "{7067BDCD-263B-4929-9389-7A9DC6D8C446}"
EndProject
Project("{8BC9CEB8-8B4A-11D0-8D11-00A0C91BC942}") = "HookDll", "HookDll\HookDll.vcxproj", "{A0E22C2A-2604-4D4A-AE40-1DBE528E4FAE}"
EndProject
Project("{8BC9CEB8-8B4A-11D0-8D11-00A0C91BC942}") = "InjectDll", "InjectDll\InjectDll.vcxproj", "{22631A01-F369-4FAC-865E-B760A7C702A7}"
EndProject
Project("{8BC9CEB8-8B4A-11D0-8D11-00A0C91BC942}") = "ConfigHook", "ConfigHook\ConfigHook.vcxproj", "{E3D90413-86A3-4F8E-AD81-09EC5EDAD337}"
EndProject
Global
	GlobalSection(SolutionConfigurationPlatforms) = preSolution
		Debug|x64 = Debug|x64
		Debug|x86 = Debug|x86
		Release|x64 = Release|x64
		Release|x86 = Release|x86
	EndGlobalSection
	GlobalSection(ProjectConfigurationPlatforms) = postSolution
		{7067BDCD-263B-4929-9389-7A9DC6D8C446}.Debug|x64.ActiveCfg = Debug|x64
		{7067BDCD-263B-4929-9389-7A9DC6D8C446}.Debug|x64.Build.0 = Debug|x64
		{7067BDCD-263B-4929-9389-7A9DC6D8C446}.Debug|x86.ActiveCfg = Debug|Win32
		{7067BDCD-263B-4929-9389-7A9DC6D8C446}.Debug|x86.Build.0 = Debug|Win32
		{7067BDCD-263B-4929-9389-7A9DC6D8C446}.Release|x64.ActiveCfg = Release|x64
		{7067BDCD-263B-4929-9389-7A9DC6D8C446}.Release|x64.Build.0 = Release|x64
		{7067BDCD-263B-4929-9389-7A9DC6D8C446}.Release|x86.ActiveCfg = Release|Win32
		{7067BDCD-263B-4929-9389-7A9DC6D8C446}.Release|x86.Build.0 = Release|Win32
		{A0E22C2A-2604-4D4A-AE40-1DBE528E4FAE}.Debug|x64.ActiveCfg = Debug|x64
		{A0E22C2A-2604-4D4A-AE40-1DBE528E4FAE}.Debug|x64.Build.0 = Debug|x64
		{A0E22C2A-2604-4D4A-AE40-1DBE528E4FAE}.Debug|x86.ActiveCfg = Debug|Win32
		{A0E22C2A-2604-4D4A-AE40-1DBE528E4FAE}.Debug|x86.Build.0 = Debug|Win32
		{A0E22C2A-2604-4D4A-AE40-1DBE528E4FAE}.Release|x64.ActiveCfg = Release|x64
		{A0E22C2A-2604-4D4A-AE40-1DBE528E4FAE}.Release|x64.Build.0 = Release|x64
		{A0E22C2A-2604-4D4A-AE40-1DBE528E4FAE}.Release|x86.ActiveCfg = Release|Win32
		{A0E22C2A-2604-4D4A-AE40-1DBE528E4FAE}.Release|x86.Build.0 = Release|Win32
		{22631A01-F369-4FAC-865E-B760A7C702A7}.Debug|x64.ActiveCfg = Debug|x64
		{22631A01-F369-4FAC-865E-B760A7C702A7}.Debug|x64.Build.0 = Debug|x64
		{22631A01-F369-4FAC-865E-B760A7C702A7}.Debug|x86.ActiveCfg = Debug|Win32
		{22631A01-F369-4FAC-865E-B760A7C702A7}.Debug|x86.Build.0 = Debug|Win32
		{22631A01-F369-4FAC-865E-B760A7C702A7}.Release|x64.ActiveCfg = Release|x64
		{22631A01-F369-4FAC-865E-B760A7C702A7}.Release|x64.Build.0 = Release|x64
		{22631A01-F369-4FAC-865E-B760A7C702A7}.Release|x86.ActiveCfg = Release|Win32
		{22631A01-F369-4FAC-865E-B760A7C702A7}.Release|x86.Build.0 = Release|Win32
		{E3D90413-86A3-4F8E-AD81-09EC5EDAD337}.Debug|x64.ActiveCfg = Debug|x64
		{E3D90413-86A3-4F8E-AD81-09EC5EDAD337}.Debug|x64.Build.0 = Debug|x64
		{E3D90413-86A3-4F8E-AD81-09EC5EDAD337}.Debug|x86.ActiveCfg = Debug|Win32
		{E3D90413-86A3-4F8E-AD81-09EC5EDAD337}.Debug|x86.Build.0 = Debug|Win32
		{E3D90413-86A3-4F8E-AD81-09EC5EDAD337}.Release|x64.ActiveCfg = Release|x64
		{E3D90413-86A3-4F8E-AD81-09EC5EDAD337}.Release|x64.Build.0 = Release|x64
		{E3D90413-86A3-4F8E-AD81-09EC5EDAD337}.Release|x86.ActiveCfg = Release|Win32
		{E3D90413-86A3-4F8E-AD81-09EC5EDAD337}.Release|x86.Build.0 = Release|Win32
	EndGlobalSection
	GlobalSection(SolutionProperties) = preSolution
		HideSolutionNode = FALSE
	EndGlobalSection
	GlobalSection(ExtensibilityGlobals) = postSolution
		SolutionGuid = {FB1E2D98-E231-4702-8266-CFC7DC804B2A}
	EndGlobalSection
EndGlobal
