
Microsoft Visual Studio Solution File, Format Version 12.00
# Visual Studio Version 17
VisualStudioVersion = 17.14.35906.104 d17.14
MinimumVisualStudioVersion = 10.0.40219.1
Project("{8BC9CEB8-8B4A-11D0-8D11-00A0C91BC942}") = "CaptureWindow", "CaptureWindow\CaptureWindow.vcxproj", "{FFA7CB96-E9B7-4652-B9D7-32E78F01F031}"
EndProject
Global
	GlobalSection(SolutionConfigurationPlatforms) = preSolution
		Debug|x64 = Debug|x64
		Debug|x86 = Debug|x86
		Release|x64 = Release|x64
		Release|x86 = Release|x86
	EndGlobalSection
	GlobalSection(ProjectConfigurationPlatforms) = postSolution
		{FFA7CB96-E9B7-4652-B9D7-32E78F01F031}.Debug|x64.ActiveCfg = Debug|x64
		{FFA7CB96-E9B7-4652-B9D7-32E78F01F031}.Debug|x64.Build.0 = Debug|x64
		{FFA7CB96-E9B7-4652-B9D7-32E78F01F031}.Debug|x86.ActiveCfg = Debug|Win32
		{FFA7CB96-E9B7-4652-B9D7-32E78F01F031}.Debug|x86.Build.0 = Debug|Win32
		{FFA7CB96-E9B7-4652-B9D7-32E78F01F031}.Release|x64.ActiveCfg = Release|x64
		{FFA7CB96-E9B7-4652-B9D7-32E78F01F031}.Release|x64.Build.0 = Release|x64
		{FFA7CB96-E9B7-4652-B9D7-32E78F01F031}.Release|x86.ActiveCfg = Release|Win32
		{FFA7CB96-E9B7-4652-B9D7-32E78F01F031}.Release|x86.Build.0 = Release|Win32
	EndGlobalSection
	GlobalSection(SolutionProperties) = preSolution
		HideSolutionNode = FALSE
	EndGlobalSection
	GlobalSection(ExtensibilityGlobals) = postSolution
		SolutionGuid = {26E437C3-F155-4EEC-A7CD-0F27A5A8D2C4}
	EndGlobalSection
EndGlobal
