
Microsoft Visual Studio Solution File, Format Version 12.00
# Visual Studio Version 17
VisualStudioVersion = 17.7.33808.371
MinimumVisualStudioVersion = 10.0.40219.1
Project("{8BC9CEB8-8B4A-11D0-8D11-00A0C91BC942}") = "ProcList", "ProcList\ProcList.vcxproj", "{2109B449-5A84-4287-9491-13EC13EFE5AF}"
EndProject
Project("{8BC9CEB8-8B4A-11D0-8D11-00A0C91BC942}") = "NtProcList", "NtProcList\NtProcList.vcxproj", "{FA6B5563-4721-4070-BB40-A18E0643C142}"
EndProject
Global
	GlobalSection(SolutionConfigurationPlatforms) = preSolution
		Debug|x64 = Debug|x64
		Debug|x86 = Debug|x86
		Release|x64 = Release|x64
		Release|x86 = Release|x86
	EndGlobalSection
	GlobalSection(ProjectConfigurationPlatforms) = postSolution
		{2109B449-5A84-4287-9491-13EC13EFE5AF}.Debug|x64.ActiveCfg = Debug|x64
		{2109B449-5A84-4287-9491-13EC13EFE5AF}.Debug|x64.Build.0 = Debug|x64
		{2109B449-5A84-4287-9491-13EC13EFE5AF}.Debug|x86.ActiveCfg = Debug|Win32
		{2109B449-5A84-4287-9491-13EC13EFE5AF}.Debug|x86.Build.0 = Debug|Win32
		{2109B449-5A84-4287-9491-13EC13EFE5AF}.Release|x64.ActiveCfg = Release|x64
		{2109B449-5A84-4287-9491-13EC13EFE5AF}.Release|x64.Build.0 = Release|x64
		{2109B449-5A84-4287-9491-13EC13EFE5AF}.Release|x86.ActiveCfg = Release|Win32
		{2109B449-5A84-4287-9491-13EC13EFE5AF}.Release|x86.Build.0 = Release|Win32
		{FA6B5563-4721-4070-BB40-A18E0643C142}.Debug|x64.ActiveCfg = Debug|x64
		{FA6B5563-4721-4070-BB40-A18E0643C142}.Debug|x64.Build.0 = Debug|x64
		{FA6B5563-4721-4070-BB40-A18E0643C142}.Debug|x86.ActiveCfg = Debug|Win32
		{FA6B5563-4721-4070-BB40-A18E0643C142}.Debug|x86.Build.0 = Debug|Win32
		{FA6B5563-4721-4070-BB40-A18E0643C142}.Release|x64.ActiveCfg = Release|x64
		{FA6B5563-4721-4070-BB40-A18E0643C142}.Release|x64.Build.0 = Release|x64
		{FA6B5563-4721-4070-BB40-A18E0643C142}.Release|x86.ActiveCfg = Release|Win32
		{FA6B5563-4721-4070-BB40-A18E0643C142}.Release|x86.Build.0 = Release|Win32
	EndGlobalSection
	GlobalSection(SolutionProperties) = preSolution
		HideSolutionNode = FALSE
	EndGlobalSection
	GlobalSection(ExtensibilityGlobals) = postSolution
		SolutionGuid = {F73B960D-4836-4AD8-91DD-EC7A2564ACAB}
	EndGlobalSection
EndGlobal
