
Microsoft Visual Studio Solution File, Format Version 12.00
# Visual Studio Version 17
VisualStudioVersion = 17.7.33927.210
MinimumVisualStudioVersion = 10.0.40219.1
Project("{8BC9CEB8-8B4A-11D0-8D11-00A0C91BC942}") = "Injector", "Injector\Injector.vcxproj", "{20FE58F7-B2DA-40D3-8CFD-9FF6B2CCFD01}"
EndProject
Project("{8BC9CEB8-8B4A-11D0-8D11-00A0C91BC942}") = "Injected", "Injected\Injected.vcxproj", "{5B040C21-65FA-4B32-9AF9-F2543EAC8D2F}"
EndProject
Global
	GlobalSection(SolutionConfigurationPlatforms) = preSolution
		Debug|x64 = Debug|x64
		Debug|x86 = Debug|x86
		Release|x64 = Release|x64
		Release|x86 = Release|x86
	EndGlobalSection
	GlobalSection(ProjectConfigurationPlatforms) = postSolution
		{20FE58F7-B2DA-40D3-8CFD-9FF6B2CCFD01}.Debug|x64.ActiveCfg = Debug|x64
		{20FE58F7-B2DA-40D3-8CFD-9FF6B2CCFD01}.Debug|x64.Build.0 = Debug|x64
		{20FE58F7-B2DA-40D3-8CFD-9FF6B2CCFD01}.Debug|x86.ActiveCfg = Debug|Win32
		{20FE58F7-B2DA-40D3-8CFD-9FF6B2CCFD01}.Debug|x86.Build.0 = Debug|Win32
		{20FE58F7-B2DA-40D3-8CFD-9FF6B2CCFD01}.Release|x64.ActiveCfg = Release|x64
		{20FE58F7-B2DA-40D3-8CFD-9FF6B2CCFD01}.Release|x64.Build.0 = Release|x64
		{20FE58F7-B2DA-40D3-8CFD-9FF6B2CCFD01}.Release|x86.ActiveCfg = Release|Win32
		{20FE58F7-B2DA-40D3-8CFD-9FF6B2CCFD01}.Release|x86.Build.0 = Release|Win32
		{5B040C21-65FA-4B32-9AF9-F2543EAC8D2F}.Debug|x64.ActiveCfg = Debug|x64
		{5B040C21-65FA-4B32-9AF9-F2543EAC8D2F}.Debug|x64.Build.0 = Debug|x64
		{5B040C21-65FA-4B32-9AF9-F2543EAC8D2F}.Debug|x86.ActiveCfg = Debug|Win32
		{5B040C21-65FA-4B32-9AF9-F2543EAC8D2F}.Debug|x86.Build.0 = Debug|Win32
		{5B040C21-65FA-4B32-9AF9-F2543EAC8D2F}.Release|x64.ActiveCfg = Release|x64
		{5B040C21-65FA-4B32-9AF9-F2543EAC8D2F}.Release|x64.Build.0 = Release|x64
		{5B040C21-65FA-4B32-9AF9-F2543EAC8D2F}.Release|x86.ActiveCfg = Release|Win32
		{5B040C21-65FA-4B32-9AF9-F2543EAC8D2F}.Release|x86.Build.0 = Release|Win32
	EndGlobalSection
	GlobalSection(SolutionProperties) = preSolution
		HideSolutionNode = FALSE
	EndGlobalSection
	GlobalSection(ExtensibilityGlobals) = postSolution
		SolutionGuid = {AB1F3515-9947-44C4-B8F6-2E38E36E2B70}
	EndGlobalSection
EndGlobal
